
Microsoft Visual Studio Solution File, Format Version 12.00
# Visual Studio 2012
Project("{FAE04EC0-301F-11D3-BF4B-00C04F79EFBC}") = "Neeit.Frontend", "Neeit.Frontend\Neeit.Frontend.csproj", "{427F45F3-9855-4095-AA9C-DEC8767752AD}"
EndProject
Project("{FAE04EC0-301F-11D3-BF4B-00C04F79EFBC}") = "Neeit.Core", "Neeit.Core\Neeit.Core.csproj", "{33441E7D-0122-4CF5-9B20-B10699E5D8A7}"
EndProject
Global
	GlobalSection(SolutionConfigurationPlatforms) = preSolution
		Debug|Any CPU = Debug|Any CPU
		Release|Any CPU = Release|Any CPU
	EndGlobalSection
	GlobalSection(ProjectConfigurationPlatforms) = postSolution
		{427F45F3-9855-4095-AA9C-DEC8767752AD}.Debug|Any CPU.ActiveCfg = Debug|Any CPU
		{427F45F3-9855-4095-AA9C-DEC8767752AD}.Debug|Any CPU.Build.0 = Debug|Any CPU
		{427F45F3-9855-4095-AA9C-DEC8767752AD}.Release|Any CPU.ActiveCfg = Release|Any CPU
		{427F45F3-9855-4095-AA9C-DEC8767752AD}.Release|Any CPU.Build.0 = Release|Any CPU
		{33441E7D-0122-4CF5-9B20-B10699E5D8A7}.Debug|Any CPU.ActiveCfg = Debug|Any CPU
		{33441E7D-0122-4CF5-9B20-B10699E5D8A7}.Debug|Any CPU.Build.0 = Debug|Any CPU
		{33441E7D-0122-4CF5-9B20-B10699E5D8A7}.Release|Any CPU.ActiveCfg = Release|Any CPU
		{33441E7D-0122-4CF5-9B20-B10699E5D8A7}.Release|Any CPU.Build.0 = Release|Any CPU
	EndGlobalSection
	GlobalSection(SolutionProperties) = preSolution
		HideSolutionNode = FALSE
	EndGlobalSection
EndGlobal
